
Microsoft Visual Studio Solution File, Format Version 12.00
# Visual Studio Version 16
VisualStudioVersion = 16.0.30011.22
MinimumVisualStudioVersion = 10.0.40219.1
Project("{FAE04EC0-301F-11D3-BF4B-00C04F79EFBC}") = "Linq_Practice_1", "Linq_Practice\Linq_Practice_1.csproj", "{FB4A6A47-28AA-499E-AE5C-4C6066EC2B6A}"
EndProject
Project("{FAE04EC0-301F-11D3-BF4B-00C04F79EFBC}") = "Linq_practice_2", "Linq_practice_2\Linq_practice_2.csproj", "{82915FD3-6579-4E50-B020-5DD8A39A37A4}"
EndProject
Project("{FAE04EC0-301F-11D3-BF4B-00C04F79EFBC}") = "Linq_Practice_3", "Linq_Practice_3\Linq_Practice_3.csproj", "{745C2A66-8949-4D4D-A192-3348E2A21359}"
EndProject
Project("{FAE04EC0-301F-11D3-BF4B-00C04F79EFBC}") = "Linq_Practice_4", "Linq_Practice_4\Linq_Practice_4.csproj", "{3497AB70-C577-4008-A67C-33BAF94B3E00}"
EndProject
Project("{FAE04EC0-301F-11D3-BF4B-00C04F79EFBC}") = "Linq_Practice_5", "Linq_Practice_5\Linq_Practice_5.csproj", "{9B124252-6846-4EE4-B058-3FF08C2308C6}"
EndProject
Project("{FAE04EC0-301F-11D3-BF4B-00C04F79EFBC}") = "Linq_Practice_6", "Linq_Practice_6\Linq_Practice_6.csproj", "{70B4A500-A179-44F7-A231-28BD1E0CCD41}"
EndProject
Project("{FAE04EC0-301F-11D3-BF4B-00C04F79EFBC}") = "Linq_Practice_7", "Linq_Practice_7\Linq_Practice_7.csproj", "{F78C61D2-365F-449B-B6AC-E3FD291E0D1E}"
EndProject
Project("{FAE04EC0-301F-11D3-BF4B-00C04F79EFBC}") = "Linq_Practice_8", "Linq_Practice_8\Linq_Practice_8.csproj", "{CA61415C-FD99-4578-A537-5EBE89732E89}"
EndProject
Project("{FAE04EC0-301F-11D3-BF4B-00C04F79EFBC}") = "Linq_Practice_9", "Linq_Practice_9\Linq_Practice_9.csproj", "{EE885029-80CB-4BDC-B6DE-AFF2AA850DA3}"
EndProject
Project("{FAE04EC0-301F-11D3-BF4B-00C04F79EFBC}") = "Linq_Practice_10", "Linq_Practice_10\Linq_Practice_10.csproj", "{3E07DB51-5F09-496E-8F5F-B67BF7BEB810}"
EndProject
Project("{FAE04EC0-301F-11D3-BF4B-00C04F79EFBC}") = "Linq_Practice_11", "Linq_Practice_11\Linq_Practice_11.csproj", "{5C3549A9-7604-4155-817C-89EDC52F03BA}"
EndProject
Project("{FAE04EC0-301F-11D3-BF4B-00C04F79EFBC}") = "Linq_Practice_12", "Linq_Practice_12\Linq_Practice_12.csproj", "{307FDD4E-F732-4CEA-B215-7028E72F97BE}"
EndProject
Project("{FAE04EC0-301F-11D3-BF4B-00C04F79EFBC}") = "Linq_Practice_13", "Linq_Practice_13\Linq_Practice_13.csproj", "{716C4751-AFDD-469B-8DEF-9ED2DFC07930}"
EndProject
Project("{FAE04EC0-301F-11D3-BF4B-00C04F79EFBC}") = "Linq_Practice_14", "Linq_Practice_14\Linq_Practice_14.csproj", "{B02C7D13-59AD-4A5C-8012-B0AB96C5430E}"
EndProject
Project("{FAE04EC0-301F-11D3-BF4B-00C04F79EFBC}") = "Linq_Practice_15", "Linq_Practice_15\Linq_Practice_15.csproj", "{D9A11FF1-580B-4F27-8971-0C1C97C8245E}"
EndProject
Project("{FAE04EC0-301F-11D3-BF4B-00C04F79EFBC}") = "Linq_Practice_16", "Linq_Practice_16\Linq_Practice_16.csproj", "{983FC44D-F82A-40CF-A179-7A3202C97474}"
EndProject
Global
	GlobalSection(SolutionConfigurationPlatforms) = preSolution
		Debug|Any CPU = Debug|Any CPU
		Release|Any CPU = Release|Any CPU
	EndGlobalSection
	GlobalSection(ProjectConfigurationPlatforms) = postSolution
		{FB4A6A47-28AA-499E-AE5C-4C6066EC2B6A}.Debug|Any CPU.ActiveCfg = Debug|Any CPU
		{FB4A6A47-28AA-499E-AE5C-4C6066EC2B6A}.Debug|Any CPU.Build.0 = Debug|Any CPU
		{FB4A6A47-28AA-499E-AE5C-4C6066EC2B6A}.Release|Any CPU.ActiveCfg = Release|Any CPU
		{FB4A6A47-28AA-499E-AE5C-4C6066EC2B6A}.Release|Any CPU.Build.0 = Release|Any CPU
		{82915FD3-6579-4E50-B020-5DD8A39A37A4}.Debug|Any CPU.ActiveCfg = Debug|Any CPU
		{82915FD3-6579-4E50-B020-5DD8A39A37A4}.Debug|Any CPU.Build.0 = Debug|Any CPU
		{82915FD3-6579-4E50-B020-5DD8A39A37A4}.Release|Any CPU.ActiveCfg = Release|Any CPU
		{82915FD3-6579-4E50-B020-5DD8A39A37A4}.Release|Any CPU.Build.0 = Release|Any CPU
		{745C2A66-8949-4D4D-A192-3348E2A21359}.Debug|Any CPU.ActiveCfg = Debug|Any CPU
		{745C2A66-8949-4D4D-A192-3348E2A21359}.Debug|Any CPU.Build.0 = Debug|Any CPU
		{745C2A66-8949-4D4D-A192-3348E2A21359}.Release|Any CPU.ActiveCfg = Release|Any CPU
		{745C2A66-8949-4D4D-A192-3348E2A21359}.Release|Any CPU.Build.0 = Release|Any CPU
		{3497AB70-C577-4008-A67C-33BAF94B3E00}.Debug|Any CPU.ActiveCfg = Debug|Any CPU
		{3497AB70-C577-4008-A67C-33BAF94B3E00}.Debug|Any CPU.Build.0 = Debug|Any CPU
		{3497AB70-C577-4008-A67C-33BAF94B3E00}.Release|Any CPU.ActiveCfg = Release|Any CPU
		{3497AB70-C577-4008-A67C-33BAF94B3E00}.Release|Any CPU.Build.0 = Release|Any CPU
		{9B124252-6846-4EE4-B058-3FF08C2308C6}.Debug|Any CPU.ActiveCfg = Debug|Any CPU
		{9B124252-6846-4EE4-B058-3FF08C2308C6}.Debug|Any CPU.Build.0 = Debug|Any CPU
		{9B124252-6846-4EE4-B058-3FF08C2308C6}.Release|Any CPU.ActiveCfg = Release|Any CPU
		{9B124252-6846-4EE4-B058-3FF08C2308C6}.Release|Any CPU.Build.0 = Release|Any CPU
		{70B4A500-A179-44F7-A231-28BD1E0CCD41}.Debug|Any CPU.ActiveCfg = Debug|Any CPU
		{70B4A500-A179-44F7-A231-28BD1E0CCD41}.Debug|Any CPU.Build.0 = Debug|Any CPU
		{70B4A500-A179-44F7-A231-28BD1E0CCD41}.Release|Any CPU.ActiveCfg = Release|Any CPU
		{70B4A500-A179-44F7-A231-28BD1E0CCD41}.Release|Any CPU.Build.0 = Release|Any CPU
		{F78C61D2-365F-449B-B6AC-E3FD291E0D1E}.Debug|Any CPU.ActiveCfg = Debug|Any CPU
		{F78C61D2-365F-449B-B6AC-E3FD291E0D1E}.Debug|Any CPU.Build.0 = Debug|Any CPU
		{F78C61D2-365F-449B-B6AC-E3FD291E0D1E}.Release|Any CPU.ActiveCfg = Release|Any CPU
		{F78C61D2-365F-449B-B6AC-E3FD291E0D1E}.Release|Any CPU.Build.0 = Release|Any CPU
		{CA61415C-FD99-4578-A537-5EBE89732E89}.Debug|Any CPU.ActiveCfg = Debug|Any CPU
		{CA61415C-FD99-4578-A537-5EBE89732E89}.Debug|Any CPU.Build.0 = Debug|Any CPU
		{CA61415C-FD99-4578-A537-5EBE89732E89}.Release|Any CPU.ActiveCfg = Release|Any CPU
		{CA61415C-FD99-4578-A537-5EBE89732E89}.Release|Any CPU.Build.0 = Release|Any CPU
		{EE885029-80CB-4BDC-B6DE-AFF2AA850DA3}.Debug|Any CPU.ActiveCfg = Debug|Any CPU
		{EE885029-80CB-4BDC-B6DE-AFF2AA850DA3}.Debug|Any CPU.Build.0 = Debug|Any CPU
		{EE885029-80CB-4BDC-B6DE-AFF2AA850DA3}.Release|Any CPU.ActiveCfg = Release|Any CPU
		{EE885029-80CB-4BDC-B6DE-AFF2AA850DA3}.Release|Any CPU.Build.0 = Release|Any CPU
		{3E07DB51-5F09-496E-8F5F-B67BF7BEB810}.Debug|Any CPU.ActiveCfg = Debug|Any CPU
		{3E07DB51-5F09-496E-8F5F-B67BF7BEB810}.Debug|Any CPU.Build.0 = Debug|Any CPU
		{3E07DB51-5F09-496E-8F5F-B67BF7BEB810}.Release|Any CPU.ActiveCfg = Release|Any CPU
		{3E07DB51-5F09-496E-8F5F-B67BF7BEB810}.Release|Any CPU.Build.0 = Release|Any CPU
		{5C3549A9-7604-4155-817C-89EDC52F03BA}.Debug|Any CPU.ActiveCfg = Debug|Any CPU
		{5C3549A9-7604-4155-817C-89EDC52F03BA}.Debug|Any CPU.Build.0 = Debug|Any CPU
		{5C3549A9-7604-4155-817C-89EDC52F03BA}.Release|Any CPU.ActiveCfg = Release|Any CPU
		{5C3549A9-7604-4155-817C-89EDC52F03BA}.Release|Any CPU.Build.0 = Release|Any CPU
		{307FDD4E-F732-4CEA-B215-7028E72F97BE}.Debug|Any CPU.ActiveCfg = Debug|Any CPU
		{307FDD4E-F732-4CEA-B215-7028E72F97BE}.Debug|Any CPU.Build.0 = Debug|Any CPU
		{307FDD4E-F732-4CEA-B215-7028E72F97BE}.Release|Any CPU.ActiveCfg = Release|Any CPU
		{307FDD4E-F732-4CEA-B215-7028E72F97BE}.Release|Any CPU.Build.0 = Release|Any CPU
		{716C4751-AFDD-469B-8DEF-9ED2DFC07930}.Debug|Any CPU.ActiveCfg = Debug|Any CPU
		{716C4751-AFDD-469B-8DEF-9ED2DFC07930}.Debug|Any CPU.Build.0 = Debug|Any CPU
		{716C4751-AFDD-469B-8DEF-9ED2DFC07930}.Release|Any CPU.ActiveCfg = Release|Any CPU
		{716C4751-AFDD-469B-8DEF-9ED2DFC07930}.Release|Any CPU.Build.0 = Release|Any CPU
		{B02C7D13-59AD-4A5C-8012-B0AB96C5430E}.Debug|Any CPU.ActiveCfg = Debug|Any CPU
		{B02C7D13-59AD-4A5C-8012-B0AB96C5430E}.Debug|Any CPU.Build.0 = Debug|Any CPU
		{B02C7D13-59AD-4A5C-8012-B0AB96C5430E}.Release|Any CPU.ActiveCfg = Release|Any CPU
		{B02C7D13-59AD-4A5C-8012-B0AB96C5430E}.Release|Any CPU.Build.0 = Release|Any CPU
		{D9A11FF1-580B-4F27-8971-0C1C97C8245E}.Debug|Any CPU.ActiveCfg = Debug|Any CPU
		{D9A11FF1-580B-4F27-8971-0C1C97C8245E}.Debug|Any CPU.Build.0 = Debug|Any CPU
		{D9A11FF1-580B-4F27-8971-0C1C97C8245E}.Release|Any CPU.ActiveCfg = Release|Any CPU
		{D9A11FF1-580B-4F27-8971-0C1C97C8245E}.Release|Any CPU.Build.0 = Release|Any CPU
		{983FC44D-F82A-40CF-A179-7A3202C97474}.Debug|Any CPU.ActiveCfg = Debug|Any CPU
		{983FC44D-F82A-40CF-A179-7A3202C97474}.Debug|Any CPU.Build.0 = Debug|Any CPU
		{983FC44D-F82A-40CF-A179-7A3202C97474}.Release|Any CPU.ActiveCfg = Release|Any CPU
		{983FC44D-F82A-40CF-A179-7A3202C97474}.Release|Any CPU.Build.0 = Release|Any CPU
	EndGlobalSection
	GlobalSection(SolutionProperties) = preSolution
		HideSolutionNode = FALSE
	EndGlobalSection
	GlobalSection(ExtensibilityGlobals) = postSolution
		SolutionGuid = {817FD7EC-7CF2-4787-B2F2-2352C5486F0B}
	EndGlobalSection
EndGlobal
